
Microsoft Visual Studio Solution File, Format Version 12.00
# Visual Studio Version 17
VisualStudioVersion = 17.8.34525.116
MinimumVisualStudioVersion = 10.0.40219.1
Project("{888888A0-9F3D-457C-B088-3A5042F75D52}") = "simulation", "simulation\simulation.pyproj", "{DD2831AB-F936-43F1-B4F3-61FC53179A81}"
EndProject
Global
	GlobalSection(SolutionConfigurationPlatforms) = preSolution
		Debug|Any CPU = Debug|Any CPU
		Release|Any CPU = Release|Any CPU
	EndGlobalSection
	GlobalSection(ProjectConfigurationPlatforms) = postSolution
		{DD2831AB-F936-43F1-B4F3-61FC53179A81}.Debug|Any CPU.ActiveCfg = Debug|Any CPU
		{DD2831AB-F936-43F1-B4F3-61FC53179A81}.Release|Any CPU.ActiveCfg = Release|Any CPU
	EndGlobalSection
	GlobalSection(SolutionProperties) = preSolution
		HideSolutionNode = FALSE
	EndGlobalSection
	GlobalSection(ExtensibilityGlobals) = postSolution
		SolutionGuid = {8717263C-1192-41C9-90FC-2F1BE8E58B0F}
	EndGlobalSection
EndGlobal
